
Microsoft Visual Studio Solution File, Format Version 12.00
# Visual Studio 15
VisualStudioVersion = 15.0.28010.2048
MinimumVisualStudioVersion = 10.0.40219.1
Project("{FAE04EC0-301F-11D3-BF4B-00C04F79EFBC}") = "Helloworld1", "Helloworld1\Helloworld1.csproj", "{1922ADD9-EDAC-4FEE-BF77-F3044C1F85B8}"
EndProject
Global
	GlobalSection(SolutionConfigurationPlatforms) = preSolution
		Debug|Any CPU = Debug|Any CPU
		Release|Any CPU = Release|Any CPU
	EndGlobalSection
	GlobalSection(ProjectConfigurationPlatforms) = postSolution
		{1922ADD9-EDAC-4FEE-BF77-F3044C1F85B8}.Debug|Any CPU.ActiveCfg = Debug|Any CPU
		{1922ADD9-EDAC-4FEE-BF77-F3044C1F85B8}.Debug|Any CPU.Build.0 = Debug|Any CPU
		{1922ADD9-EDAC-4FEE-BF77-F3044C1F85B8}.Release|Any CPU.ActiveCfg = Release|Any CPU
		{1922ADD9-EDAC-4FEE-BF77-F3044C1F85B8}.Release|Any CPU.Build.0 = Release|Any CPU
	EndGlobalSection
	GlobalSection(SolutionProperties) = preSolution
		HideSolutionNode = FALSE
	EndGlobalSection
	GlobalSection(ExtensibilityGlobals) = postSolution
		SolutionGuid = {B76F1DAD-671F-4D7B-9F3E-CD37173F548D}
	EndGlobalSection
EndGlobal
