
Microsoft Visual Studio Solution File, Format Version 12.00
# Visual Studio 15
VisualStudioVersion = 15.0.28010.2048
MinimumVisualStudioVersion = 10.0.40219.1
Project("{FAE04EC0-301F-11D3-BF4B-00C04F79EFBC}") = "SelectColorFromGrid", "SelectColorFromGrid\SelectColorFromGrid.csproj", "{309B6E5F-539A-4099-9999-0DAE9DE5F61D}"
EndProject
Global
	GlobalSection(SolutionConfigurationPlatforms) = preSolution
		Debug|Any CPU = Debug|Any CPU
		Release|Any CPU = Release|Any CPU
	EndGlobalSection
	GlobalSection(ProjectConfigurationPlatforms) = postSolution
		{309B6E5F-539A-4099-9999-0DAE9DE5F61D}.Debug|Any CPU.ActiveCfg = Debug|Any CPU
		{309B6E5F-539A-4099-9999-0DAE9DE5F61D}.Debug|Any CPU.Build.0 = Debug|Any CPU
		{309B6E5F-539A-4099-9999-0DAE9DE5F61D}.Release|Any CPU.ActiveCfg = Release|Any CPU
		{309B6E5F-539A-4099-9999-0DAE9DE5F61D}.Release|Any CPU.Build.0 = Release|Any CPU
	EndGlobalSection
	GlobalSection(SolutionProperties) = preSolution
		HideSolutionNode = FALSE
	EndGlobalSection
	GlobalSection(ExtensibilityGlobals) = postSolution
		SolutionGuid = {05A82C55-FFCC-4ED0-858D-19631B0DBCC8}
	EndGlobalSection
EndGlobal
