
Microsoft Visual Studio Solution File, Format Version 12.00
# Visual Studio 15
VisualStudioVersion = 15.0.28010.2048
MinimumVisualStudioVersion = 10.0.40219.1
Project("{FAE04EC0-301F-11D3-BF4B-00C04F79EFBC}") = "HelloWorld2", "HelloWorld2\HelloWorld2.csproj", "{51D13A30-9842-4483-B59A-D6C06AFBA487}"
EndProject
Global
	GlobalSection(SolutionConfigurationPlatforms) = preSolution
		Debug|Any CPU = Debug|Any CPU
		Release|Any CPU = Release|Any CPU
	EndGlobalSection
	GlobalSection(ProjectConfigurationPlatforms) = postSolution
		{51D13A30-9842-4483-B59A-D6C06AFBA487}.Debug|Any CPU.ActiveCfg = Debug|Any CPU
		{51D13A30-9842-4483-B59A-D6C06AFBA487}.Debug|Any CPU.Build.0 = Debug|Any CPU
		{51D13A30-9842-4483-B59A-D6C06AFBA487}.Release|Any CPU.ActiveCfg = Release|Any CPU
		{51D13A30-9842-4483-B59A-D6C06AFBA487}.Release|Any CPU.Build.0 = Release|Any CPU
	EndGlobalSection
	GlobalSection(SolutionProperties) = preSolution
		HideSolutionNode = FALSE
	EndGlobalSection
	GlobalSection(ExtensibilityGlobals) = postSolution
		SolutionGuid = {E888251E-9643-4651-A04D-1FCBDF12D2E5}
	EndGlobalSection
EndGlobal
