
Microsoft Visual Studio Solution File, Format Version 12.00
# Visual Studio 15
VisualStudioVersion = 15.0.28010.2048
MinimumVisualStudioVersion = 10.0.40219.1
Project("{FAE04EC0-301F-11D3-BF4B-00C04F79EFBC}") = "WpfApplication2", "WpfApplication2\WpfApplication2.csproj", "{FA405F28-261A-407C-BE92-249C750389EC}"
EndProject
Global
	GlobalSection(SolutionConfigurationPlatforms) = preSolution
		Debug|Any CPU = Debug|Any CPU
		Release|Any CPU = Release|Any CPU
	EndGlobalSection
	GlobalSection(ProjectConfigurationPlatforms) = postSolution
		{FA405F28-261A-407C-BE92-249C750389EC}.Debug|Any CPU.ActiveCfg = Debug|Any CPU
		{FA405F28-261A-407C-BE92-249C750389EC}.Debug|Any CPU.Build.0 = Debug|Any CPU
		{FA405F28-261A-407C-BE92-249C750389EC}.Release|Any CPU.ActiveCfg = Release|Any CPU
		{FA405F28-261A-407C-BE92-249C750389EC}.Release|Any CPU.Build.0 = Release|Any CPU
	EndGlobalSection
	GlobalSection(SolutionProperties) = preSolution
		HideSolutionNode = FALSE
	EndGlobalSection
	GlobalSection(ExtensibilityGlobals) = postSolution
		SolutionGuid = {15FAC2FB-7C74-41D5-A9B9-3B3204678AE8}
	EndGlobalSection
EndGlobal
